# Generated by `conda env export` from the environment that produced the published
# results. Do not hand-edit. For a minimal install, use environment.yml instead.
name: alice
channels:
  - conda-forge
  - defaults
dependencies:
  - _libgcc_mutex=0.1=conda_forge
  - _openmp_mutex=4.5=2_gnu
  - bzip2=1.0.8=hda65f42_8
  - ca-certificates=2025.8.3=hbd8a1cb_0
  - ld_impl_linux-64=2.44=h1423503_1
  - libexpat=2.7.1=hecca717_0
  - libffi=3.4.6=h2dba641_1
  - libgcc=15.1.0=h767d61c_5
  - libgcc-ng=15.1.0=h69a702a_5
  - libgomp=15.1.0=h767d61c_5
  - liblzma=5.8.1=hb9d3cd8_2
  - libnsl=2.0.1=hb9d3cd8_1
  - libsqlite=3.50.4=h0c1763c_0
  - libuuid=2.41.1=he9a06e4_0
  - libxcrypt=4.4.36=hd590300_1
  - libzlib=1.3.1=hb9d3cd8_2
  - ncurses=6.5=h2d0b736_3
  - openssl=3.5.3=h26f9b46_0
  - pip=25.2=pyh8b19718_0
  - python=3.10.18=hd6af730_0_cpython
  - readline=8.2=h8c095d6_2
  - setuptools=80.9.0=pyhff2d567_0
  - tk=8.6.13=noxft_hd72426e_102
  - wheel=0.45.1=pyhd8ed1ab_1
  - pip:
      - accelerate==1.6.0
      - aiohappyeyeballs==2.6.1
      - aiohttp==3.12.15
      - aiosignal==1.4.0
      - annotated-types==0.7.0
      - anyio==4.9.0
      - asttokens==3.0.0
      - async-timeout==5.0.1
      - attrs==25.3.0
      - blobfile==3.1.0
      - botorch==0.13.0
      - cachetools==5.5.2
      - certifi==2025.8.3
      - chardet==5.2.0
      - charset-normalizer==3.4.3
      - click==8.1.8
      - colorama==0.4.6
      - comm==0.2.3
      - contourpy==1.3.1
      - cycler==0.12.1
      - debugpy==1.8.17
      - decorator==5.2.1
      - distlib==0.3.9
      - distro==1.9.0
      - docker-pycreds==0.4.0
      - drfp==0.3.6
      - et-xmlfile==2.0.0
      - exceptiongroup==1.2.2
      - executing==2.2.1
      - filelock==3.19.1
      - fonttools==4.57.0
      - frozenlist==1.7.0
      - fsspec==2025.9.0
      - gitdb==4.0.12
      - gitpython==3.1.44
      - gpytorch==1.14
      - h11==0.14.0
      - hf-xet==1.2.0
      - httpcore==1.0.7
      - httpx==0.28.1
      - huggingface-hub==0.30.2
      - idna==3.10
      - instructorembedding==1.0.1
      - ipykernel==6.30.1
      - ipython==8.37.0
      - jaxtyping==0.3.1
      - jedi==0.19.2
      - jinja2==3.1.6
      - jiter==0.9.0
      - joblib==1.5.2
      - jsonargparse==4.38.0
      - jsonref==1.1.0
      - jsonschema==4.25.0
      - jsonschema-specifications==2025.4.1
      - jupyter-client==8.6.3
      - jupyter-core==5.8.1
      - kiwisolver==1.4.8
      - lightning-utilities==0.15.2
      - linear-operator==0.6
      - llvmlite==0.44.0
      - lxml==6.0.2
      - markupsafe==3.0.2
      - matplotlib==3.10.1
      - matplotlib-inline==0.1.7
      - more-click==0.1.2
      - more-itertools==10.6.0
      - mpmath==1.3.0
      - multidict==6.6.4
      - multipledispatch==1.0.0
      - mypy-extensions==1.0.0
      - nest-asyncio==1.6.0
      - networkx==3.4.2
      - numba==0.61.2
      - numpy==1.26.4
      - nvidia-cublas-cu12==12.8.4.1
      - nvidia-cuda-cupti-cu12==12.8.90
      - nvidia-cuda-nvrtc-cu12==12.8.93
      - nvidia-cuda-runtime-cu12==12.8.90
      - nvidia-cudnn-cu12==9.10.2.21
      - nvidia-cufft-cu12==11.3.3.83
      - nvidia-cufile-cu12==1.13.1.3
      - nvidia-curand-cu12==10.3.9.90
      - nvidia-cusolver-cu12==11.7.3.90
      - nvidia-cusparse-cu12==12.5.8.93
      - nvidia-cusparselt-cu12==0.7.1
      - nvidia-nccl-cu12==2.27.3
      - nvidia-nvjitlink-cu12==12.8.93
      - nvidia-nvtx-cu12==12.8.90
      - openai==1.72.0
      - openpyxl==3.1.5
      - opt-einsum==3.4.0
      - packaging==25.0
      - pandas==2.3.2
      - parso==0.8.5
      - patsy==1.0.1
      - peft==0.15.1
      - pexpect==4.9.0
      - pillow==11.1.0
      - platformdirs==4.3.7
      - pluggy==1.5.0
      - prompt-toolkit==3.0.52
      - propcache==0.3.2
      - protobuf==5.29.4
      - psutil==7.0.0
      - ptyprocess==0.7.0
      - pure-eval==0.2.3
      - pycryptodomex==3.23.0
      - pydantic==2.11.3
      - pydantic-core==2.33.1
      - pygments==2.19.2
      - pynndescent==0.5.13
      - pyparsing==3.2.3
      - pyproject-api==1.9.0
      - pyre-extensions==0.0.32
      - pyro-api==0.1.2
      - pyro-ppl==1.9.1
      - python-dateutil==2.9.0.post0
      - pytorch-lightning==2.5.4
      - pytz==2025.2
      - pyyaml==6.0.2
      - pyzmq==27.1.0
      - rdkit==2024.9.6
      - rdkit-pypi==2022.9.5
      - referencing==0.36.2
      - regex==2024.11.6
      - requests==2.32.5
      - rpds-py==0.26.0
      - safetensors==0.5.3
      - scikit-learn==1.7.1
      - scikit-learn-extra==0.3.0
      - scipy==1.15.3
      - seaborn==0.13.2
      - sentence-transformers==4.0.2
      - sentencepiece==0.2.0
      - sentry-sdk==2.25.1
      - setproctitle==1.3.5
      - shellingham==1.5.4
      - six==1.17.0
      - smmap==5.0.2
      - sniffio==1.3.1
      - stack-data==0.6.3
      - statsmodels==0.14.4
      - sweeps==0.2.0
      - sympy==1.14.0
      - threadpoolctl==3.6.0
      - tiktoken==0.11.0
      - tokenizers==0.21.1
      - torch==2.8.0
      - torchmetrics==1.8.2
      - tornado==6.5.2
      - tox==4.25.0
      - tqdm==4.67.1
      - traitlets==5.14.3
      - transformers==4.51.2
      - triton==3.4.0
      - typer-slim==0.21.1
      - typing-extensions==4.15.0
      - typing-inspect==0.9.0
      - typing-inspection==0.4.0
      - tzdata==2025.2
      - umap-learn==0.5.9.post2
      - urllib3==2.5.0
      - virtualenv==20.30.0
      - wadler-lindig==0.1.4
      - wandb==0.21.0
      - wcwidth==0.2.14
      - yarl==1.20.1
      - zstandard==0.23.0
